{
  "name": "ngx-googlemaps-tracking-view",
  "version": "2.0.0",
  "lockfileVersion": 1,
  "requires": true,
  "dependencies": {
    "geolocation-marker": {
      "version": "2.0.5",
      "resolved": "https://registry.npmjs.org/geolocation-marker/-/geolocation-marker-2.0.5.tgz",
      "integrity": "sha512-BF+DhAJmcd2ZyAI5TvTgZzToxUFovdtt+Lr7FPCv+uQnv0kAdwkAi2Jr/xW62+YrV5mL1ZR0tEpJfEJ9Piqkiw=="
    }
  }
}
